
Microsoft Visual Studio Solution File, Format Version 12.00
# Visual Studio Version 17
VisualStudioVersion = 17.6.33815.320
MinimumVisualStudioVersion = 10.0.40219.1
Project("{FAE04EC0-301F-11D3-BF4B-00C04F79EFBC}") = "wfCalculatrice", "wfCalculatrice\wfCalculatrice.csproj", "{AD2B544F-8D2C-4F56-A8C2-7F204232C9DB}"
EndProject
Global
	GlobalSection(SolutionConfigurationPlatforms) = preSolution
		Debug|Any CPU = Debug|Any CPU
		Release|Any CPU = Release|Any CPU
	EndGlobalSection
	GlobalSection(ProjectConfigurationPlatforms) = postSolution
		{AD2B544F-8D2C-4F56-A8C2-7F204232C9DB}.Debug|Any CPU.ActiveCfg = Debug|Any CPU
		{AD2B544F-8D2C-4F56-A8C2-7F204232C9DB}.Debug|Any CPU.Build.0 = Debug|Any CPU
		{AD2B544F-8D2C-4F56-A8C2-7F204232C9DB}.Release|Any CPU.ActiveCfg = Release|Any CPU
		{AD2B544F-8D2C-4F56-A8C2-7F204232C9DB}.Release|Any CPU.Build.0 = Release|Any CPU
	EndGlobalSection
	GlobalSection(SolutionProperties) = preSolution
		HideSolutionNode = FALSE
	EndGlobalSection
	GlobalSection(ExtensibilityGlobals) = postSolution
		SolutionGuid = {87018B01-C1DA-4BDE-8D2F-A3ED9DFFAFE3}
	EndGlobalSection
EndGlobal
